
Microsoft Visual Studio Solution File, Format Version 11.00
# Visual Studio 2010
Project("{325B8569-0C7C-4A6A-8AF8-89C3B6BC9E74}") = "exe1_tamar_debby", "exe1_tamar_debby\exe1_tamar_debby.stproj", "{A06150B6-BDD7-4B01-AD3B-D8ABE4549BDE}"
EndProject
Global
	GlobalSection(SolutionConfigurationPlatforms) = preSolution
		Debug|AnyCPU = Debug|AnyCPU
		Release|AnyCPU = Release|AnyCPU
	EndGlobalSection
	GlobalSection(ProjectConfigurationPlatforms) = postSolution
		{A06150B6-BDD7-4B01-AD3B-D8ABE4549BDE}.Debug|AnyCPU.ActiveCfg = Debug|AnyCPU
		{A06150B6-BDD7-4B01-AD3B-D8ABE4549BDE}.Debug|AnyCPU.Build.0 = Debug|AnyCPU
		{A06150B6-BDD7-4B01-AD3B-D8ABE4549BDE}.Release|AnyCPU.ActiveCfg = Release|AnyCPU
		{A06150B6-BDD7-4B01-AD3B-D8ABE4549BDE}.Release|AnyCPU.Build.0 = Release|AnyCPU
	EndGlobalSection
	GlobalSection(SolutionProperties) = preSolution
		HideSolutionNode = FALSE
	EndGlobalSection
EndGlobal
